// !$*UTF8*$!
{
	archiveVersion = 1;
	classes = {
	};
	objectVersion = 77;
	objects = {

/* Begin PBXBuildFile section */
		0B12FBDB2F98CC3000351F40 /* FirebaseAuth in Frameworks */ = {isa = PBXBuildFile; productRef = 0B12FBDA2F98CC3000351F40 /* FirebaseAuth */; };
		0B12FBDD2F98CC3000351F40 /* FirebaseFirestore in Frameworks */ = {isa = PBXBuildFile; productRef = 0B12FBDC2F98CC3000351F40 /* FirebaseFirestore */; };
		0B3AF9D92FA151AA00BFA6BC /* GoogleSignIn in Frameworks */ = {isa = PBXBuildFile; productRef = 0B3AF9D82FA151AA00BFA6BC /* GoogleSignIn */; };
		0B3AF9DB2FA151AA00BFA6BC /* GoogleSignInSwift in Frameworks */ = {isa = PBXBuildFile; productRef = 0B3AF9DA2FA151AA00BFA6BC /* GoogleSignInSwift */; };
		0B4663992FFC52DF002747DC /* WidgetKit.framework in Frameworks */ = {isa = PBXBuildFile; fileRef = 0B4663982FFC52DF002747DC /* WidgetKit.framework */; };
		0B46639B2FFC52DF002747DC /* SwiftUI.framework in Frameworks */ = {isa = PBXBuildFile; fileRef = 0B46639A2FFC52DF002747DC /* SwiftUI.framework */; };
		0B4663AA2FFC52E1002747DC /* AuraWidgetExtension.appex in Embed Foundation Extensions */ = {isa = PBXBuildFile; fileRef = 0B4663962FFC52DF002747DC /* AuraWidgetExtension.appex */; settings = {ATTRIBUTES = (RemoveHeadersOnCopy, ); }; };
/* End PBXBuildFile section */

/* Begin PBXContainerItemProxy section */
		0B4663A82FFC52E1002747DC /* PBXContainerItemProxy */ = {
			isa = PBXContainerItemProxy;
			containerPortal = 0B54B7AB2F8A87F200F3ADD2 /* Project object */;
			proxyType = 1;
			remoteGlobalIDString = 0B4663952FFC52DF002747DC;
			remoteInfo = AuraWidgetExtension;
		};
/* End PBXContainerItemProxy section */

/* Begin PBXCopyFilesBuildPhase section */
		0B4663AF2FFC52E1002747DC /* Embed Foundation Extensions */ = {
			isa = PBXCopyFilesBuildPhase;
			buildActionMask = 2147483647;
			dstPath = "";
			dstSubfolderSpec = 13;
			files = (
				0B4663AA2FFC52E1002747DC /* AuraWidgetExtension.appex in Embed Foundation Extensions */,
			);
			name = "Embed Foundation Extensions";
			runOnlyForDeploymentPostprocessing = 0;
		};
/* End PBXCopyFilesBuildPhase section */

/* Begin PBXFileReference section */
		0B3AF9DF2FA154E800BFA6BC /* Keys.xcconfig */ = {isa = PBXFileReference; lastKnownFileType = text.xcconfig; path = Keys.xcconfig; sourceTree = "<group>"; };
		0B4663962FFC52DF002747DC /* AuraWidgetExtension.appex */ = {isa = PBXFileReference; explicitFileType = "wrapper.app-extension"; includeInIndex = 0; path = AuraWidgetExtension.appex; sourceTree = BUILT_PRODUCTS_DIR; };
		0B4663982FFC52DF002747DC /* WidgetKit.framework */ = {isa = PBXFileReference; lastKnownFileType = wrapper.framework; name = WidgetKit.framework; path = System/Library/Frameworks/WidgetKit.framework; sourceTree = SDKROOT; };
		0B46639A2FFC52DF002747DC /* SwiftUI.framework */ = {isa = PBXFileReference; lastKnownFileType = wrapper.framework; name = SwiftUI.framework; path = System/Library/Frameworks/SwiftUI.framework; sourceTree = SDKROOT; };
		0B4663B02FFC537A002747DC /* AuraWidgetExtension.entitlements */ = {isa = PBXFileReference; lastKnownFileType = text.plist.entitlements; path = AuraWidgetExtension.entitlements; sourceTree = "<group>"; };
		0B54B7B32F8A87F200F3ADD2 /* Aura.app */ = {isa = PBXFileReference; explicitFileType = wrapper.application; includeInIndex = 0; path = Aura.app; sourceTree = BUILT_PRODUCTS_DIR; };
/* End PBXFileReference section */

/* Begin PBXFileSystemSynchronizedBuildFileExceptionSet section */
		0B3AF9E32FA156C700BFA6BC /* Exceptions for "Aura" folder in "Aura" target */ = {
			isa = PBXFileSystemSynchronizedBuildFileExceptionSet;
			membershipExceptions = (
				Info.plist,
			);
			target = 0B54B7B22F8A87F200F3ADD2 /* Aura */;
		};
		0B4663AE2FFC52E1002747DC /* Exceptions for "AuraWidget" folder in "AuraWidgetExtension" target */ = {
			isa = PBXFileSystemSynchronizedBuildFileExceptionSet;
			membershipExceptions = (
				Info.plist,
			);
			target = 0B4663952FFC52DF002747DC /* AuraWidgetExtension */;
		};
		0B4664012FFC54CD002747DC /* Exceptions for "Aura" folder in "AuraWidgetExtension" target */ = {
			isa = PBXFileSystemSynchronizedBuildFileExceptionSet;
			membershipExceptions = (
				Assets.xcassets,
				Constants/Moods.swift,
				Models/MoodEntry.swift,
				Repository/AppGroup.swift,
			);
			target = 0B4663952FFC52DF002747DC /* AuraWidgetExtension */;
		};
/* End PBXFileSystemSynchronizedBuildFileExceptionSet section */

/* Begin PBXFileSystemSynchronizedRootGroup section */
		0B46639C2FFC52DF002747DC /* AuraWidget */ = {
			isa = PBXFileSystemSynchronizedRootGroup;
			exceptions = (
				0B4663AE2FFC52E1002747DC /* Exceptions for "AuraWidget" folder in "AuraWidgetExtension" target */,
			);
			path = AuraWidget;
			sourceTree = "<group>";
		};
		0B54B7B52F8A87F200F3ADD2 /* Aura */ = {
			isa = PBXFileSystemSynchronizedRootGroup;
			exceptions = (
				0B3AF9E32FA156C700BFA6BC /* Exceptions for "Aura" folder in "Aura" target */,
				0B4664012FFC54CD002747DC /* Exceptions for "Aura" folder in "AuraWidgetExtension" target */,
			);
			path = Aura;
			sourceTree = "<group>";
		};
/* End PBXFileSystemSynchronizedRootGroup section */

/* Begin PBXFrameworksBuildPhase section */
		0B4663932FFC52DF002747DC /* Frameworks */ = {
			isa = PBXFrameworksBuildPhase;
			buildActionMask = 2147483647;
			files = (
				0B46639B2FFC52DF002747DC /* SwiftUI.framework in Frameworks */,
				0B4663992FFC52DF002747DC /* WidgetKit.framework in Frameworks */,
			);
			runOnlyForDeploymentPostprocessing = 0;
		};
		0B54B7B02F8A87F200F3ADD2 /* Frameworks */ = {
			isa = PBXFrameworksBuildPhase;
			buildActionMask = 2147483647;
			files = (
				0B12FBDB2F98CC3000351F40 /* FirebaseAuth in Frameworks */,
				0B12FBDD2F98CC3000351F40 /* FirebaseFirestore in Frameworks */,
				0B3AF9D92FA151AA00BFA6BC /* GoogleSignIn in Frameworks */,
				0B3AF9DB2FA151AA00BFA6BC /* GoogleSignInSwift in Frameworks */,
			);
			runOnlyForDeploymentPostprocessing = 0;
		};
/* End PBXFrameworksBuildPhase section */

/* Begin PBXGroup section */
		0B4663972FFC52DF002747DC /* Frameworks */ = {
			isa = PBXGroup;
			children = (
				0B4663982FFC52DF002747DC /* WidgetKit.framework */,
				0B46639A2FFC52DF002747DC /* SwiftUI.framework */,
			);
			name = Frameworks;
			sourceTree = "<group>";
		};
		0B54B7AA2F8A87F200F3ADD2 = {
			isa = PBXGroup;
			children = (
				0B4663B02FFC537A002747DC /* AuraWidgetExtension.entitlements */,
				0B54B7B52F8A87F200F3ADD2 /* Aura */,
				0B46639C2FFC52DF002747DC /* AuraWidget */,
				0B4663972FFC52DF002747DC /* Frameworks */,
				0B54B7B42F8A87F200F3ADD2 /* Products */,
				0B3AF9DF2FA154E800BFA6BC /* Keys.xcconfig */,
			);
			sourceTree = "<group>";
		};
		0B54B7B42F8A87F200F3ADD2 /* Products */ = {
			isa = PBXGroup;
			children = (
				0B54B7B32F8A87F200F3ADD2 /* Aura.app */,
				0B4663962FFC52DF002747DC /* AuraWidgetExtension.appex */,
			);
			name = Products;
			sourceTree = "<group>";
		};
/* End PBXGroup section */

/* Begin PBXNativeTarget section */
		0B4663952FFC52DF002747DC /* AuraWidgetExtension */ = {
			isa = PBXNativeTarget;
			buildConfigurationList = 0B4663AB2FFC52E1002747DC /* Build configuration list for PBXNativeTarget "AuraWidgetExtension" */;
			buildPhases = (
				0B4663922FFC52DF002747DC /* Sources */,
				0B4663932FFC52DF002747DC /* Frameworks */,
				0B4663942FFC52DF002747DC /* Resources */,
			);
			buildRules = (
			);
			dependencies = (
			);
			fileSystemSynchronizedGroups = (
				0B46639C2FFC52DF002747DC /* AuraWidget */,
			);
			name = AuraWidgetExtension;
			packageProductDependencies = (
			);
			productName = AuraWidgetExtension;
			productReference = 0B4663962FFC52DF002747DC /* AuraWidgetExtension.appex */;
			productType = "com.apple.product-type.app-extension";
		};
		0B54B7B22F8A87F200F3ADD2 /* Aura */ = {
			isa = PBXNativeTarget;
			buildConfigurationList = 0B54B7BE2F8A87F400F3ADD2 /* Build configuration list for PBXNativeTarget "Aura" */;
			buildPhases = (
				0B54B7AF2F8A87F200F3ADD2 /* Sources */,
				0B54B7B02F8A87F200F3ADD2 /* Frameworks */,
				0B54B7B12F8A87F200F3ADD2 /* Resources */,
				0B4663AF2FFC52E1002747DC /* Embed Foundation Extensions */,
			);
			buildRules = (
			);
			dependencies = (
				0B4663A92FFC52E1002747DC /* PBXTargetDependency */,
			);
			fileSystemSynchronizedGroups = (
				0B54B7B52F8A87F200F3ADD2 /* Aura */,
			);
			name = Aura;
			packageProductDependencies = (
				0B12FBDA2F98CC3000351F40 /* FirebaseAuth */,
				0B12FBDC2F98CC3000351F40 /* FirebaseFirestore */,
				0B3AF9D82FA151AA00BFA6BC /* GoogleSignIn */,
				0B3AF9DA2FA151AA00BFA6BC /* GoogleSignInSwift */,
			);
			productName = Aura;
			productReference = 0B54B7B32F8A87F200F3ADD2 /* Aura.app */;
			productType = "com.apple.product-type.application";
		};
/* End PBXNativeTarget section */

/* Begin PBXProject section */
		0B54B7AB2F8A87F200F3ADD2 /* Project object */ = {
			isa = PBXProject;
			attributes = {
				BuildIndependentTargetsInParallel = 1;
				LastSwiftUpdateCheck = 2620;
				LastUpgradeCheck = 2620;
				TargetAttributes = {
					0B4663952FFC52DF002747DC = {
						CreatedOnToolsVersion = 26.2;
					};
					0B54B7B22F8A87F200F3ADD2 = {
						CreatedOnToolsVersion = 26.2;
					};
				};
			};
			buildConfigurationList = 0B54B7AE2F8A87F200F3ADD2 /* Build configuration list for PBXProject "Aura" */;
			developmentRegion = en;
			hasScannedForEncodings = 0;
			knownRegions = (
				en,
				Base,
			);
			mainGroup = 0B54B7AA2F8A87F200F3ADD2;
			minimizedProjectReferenceProxies = 1;
			packageReferences = (
				0B12FBD92F98CC3000351F40 /* XCRemoteSwiftPackageReference "firebase-ios-sdk" */,
				0B3AF9D72FA151AA00BFA6BC /* XCRemoteSwiftPackageReference "GoogleSignIn-iOS" */,
			);
			preferredProjectObjectVersion = 77;
			productRefGroup = 0B54B7B42F8A87F200F3ADD2 /* Products */;
			projectDirPath = "";
			projectRoot = "";
			targets = (
				0B54B7B22F8A87F200F3ADD2 /* Aura */,
				0B4663952FFC52DF002747DC /* AuraWidgetExtension */,
			);
		};
/* End PBXProject section */

/* Begin PBXResourcesBuildPhase section */
		0B4663942FFC52DF002747DC /* Resources */ = {
			isa = PBXResourcesBuildPhase;
			buildActionMask = 2147483647;
			files = (
			);
			runOnlyForDeploymentPostprocessing = 0;
		};
		0B54B7B12F8A87F200F3ADD2 /* Resources */ = {
			isa = PBXResourcesBuildPhase;
			buildActionMask = 2147483647;
			files = (
			);
			runOnlyForDeploymentPostprocessing = 0;
		};
/* End PBXResourcesBuildPhase section */

/* Begin PBXSourcesBuildPhase section */
		0B4663922FFC52DF002747DC /* Sources */ = {
			isa = PBXSourcesBuildPhase;
			buildActionMask = 2147483647;
			files = (
			);
			runOnlyForDeploymentPostprocessing = 0;
		};
		0B54B7AF2F8A87F200F3ADD2 /* Sources */ = {
			isa = PBXSourcesBuildPhase;
			buildActionMask = 2147483647;
			files = (
			);
			runOnlyForDeploymentPostprocessing = 0;
		};
/* End PBXSourcesBuildPhase section */

/* Begin PBXTargetDependency section */
		0B4663A92FFC52E1002747DC /* PBXTargetDependency */ = {
			isa = PBXTargetDependency;
			target = 0B4663952FFC52DF002747DC /* AuraWidgetExtension */;
			targetProxy = 0B4663A82FFC52E1002747DC /* PBXContainerItemProxy */;
		};
/* End PBXTargetDependency section */

/* Begin XCBuildConfiguration section */
		0B4663AC2FFC52E1002747DC /* Debug */ = {
			isa = XCBuildConfiguration;
			buildSettings = {
				ASSETCATALOG_COMPILER_GLOBAL_ACCENT_COLOR_NAME = AccentColor;
				ASSETCATALOG_COMPILER_WIDGET_BACKGROUND_COLOR_NAME = WidgetBackground;
				CODE_SIGN_ENTITLEMENTS = AuraWidgetExtension.entitlements;
				CODE_SIGN_STYLE = Automatic;
				CURRENT_PROJECT_VERSION = 1;
				DEVELOPMENT_TEAM = ZMD7D6T752;
				GENERATE_INFOPLIST_FILE = YES;
				INFOPLIST_FILE = AuraWidget/Info.plist;
				INFOPLIST_KEY_CFBundleDisplayName = AuraWidget;
				INFOPLIST_KEY_NSHumanReadableCopyright = "";
				LD_RUNPATH_SEARCH_PATHS = (
					"$(inherited)",
					"@executable_path/Frameworks",
					"@executable_path/../../Frameworks",
				);
				MARKETING_VERSION = 1.0;
				PRODUCT_BUNDLE_IDENTIFIER = com.eylulnc.Aura.AuraWidget;
				PRODUCT_NAME = "$(TARGET_NAME)";
				SKIP_INSTALL = YES;
				STRING_CATALOG_GENERATE_SYMBOLS = YES;
				SUPPORTED_PLATFORMS = "iphoneos iphonesimulator";
				SUPPORTS_MACCATALYST = NO;
				SUPPORTS_MAC_DESIGNED_FOR_IPHONE_IPAD = NO;
				SUPPORTS_XR_DESIGNED_FOR_IPHONE_IPAD = NO;
				SWIFT_APPROACHABLE_CONCURRENCY = YES;
				SWIFT_EMIT_LOC_STRINGS = YES;
				SWIFT_UPCOMING_FEATURE_MEMBER_IMPORT_VISIBILITY = YES;
				SWIFT_VERSION = 5.0;
				TARGETED_DEVICE_FAMILY = 1;
			};
			name = Debug;
		};
		0B4663AD2FFC52E1002747DC /* Release */ = {
			isa = XCBuildConfiguration;
			buildSettings = {
				ASSETCATALOG_COMPILER_GLOBAL_ACCENT_COLOR_NAME = AccentColor;
				ASSETCATALOG_COMPILER_WIDGET_BACKGROUND_COLOR_NAME = WidgetBackground;
				CODE_SIGN_ENTITLEMENTS = AuraWidgetExtension.entitlements;
				CODE_SIGN_STYLE = Automatic;
				CURRENT_PROJECT_VERSION = 1;
				DEVELOPMENT_TEAM = ZMD7D6T752;
				GENERATE_INFOPLIST_FILE = YES;
				INFOPLIST_FILE = AuraWidget/Info.plist;
				INFOPLIST_KEY_CFBundleDisplayName = AuraWidget;
				INFOPLIST_KEY_NSHumanReadableCopyright = "";
				LD_RUNPATH_SEARCH_PATHS = (
					"$(inherited)",
					"@executable_path/Frameworks",
					"@executable_path/../../Frameworks",
				);
				MARKETING_VERSION = 1.0;
				PRODUCT_BUNDLE_IDENTIFIER = com.eylulnc.Aura.AuraWidget;
				PRODUCT_NAME = "$(TARGET_NAME)";
				SKIP_INSTALL = YES;
				STRING_CATALOG_GENERATE_SYMBOLS = YES;
				SUPPORTED_PLATFORMS = "iphoneos iphonesimulator";
				SUPPORTS_MACCATALYST = NO;
				SUPPORTS_MAC_DESIGNED_FOR_IPHONE_IPAD = NO;
				SUPPORTS_XR_DESIGNED_FOR_IPHONE_IPAD = NO;
				SWIFT_APPROACHABLE_CONCURRENCY = YES;
				SWIFT_EMIT_LOC_STRINGS = YES;
				SWIFT_UPCOMING_FEATURE_MEMBER_IMPORT_VISIBILITY = YES;
				SWIFT_VERSION = 5.0;
				TARGETED_DEVICE_FAMILY = 1;
			};
			name = Release;
		};
		0B54B7BC2F8A87F400F3ADD2 /* Debug */ = {
			isa = XCBuildConfiguration;
			baseConfigurationReference = 0B3AF9DF2FA154E800BFA6BC /* Keys.xcconfig */;
			buildSettings = {
				ALWAYS_SEARCH_USER_PATHS = NO;
				ASSETCATALOG_COMPILER_GENERATE_SWIFT_ASSET_SYMBOL_EXTENSIONS = YES;
				CLANG_ANALYZER_NONNULL = YES;
				CLANG_ANALYZER_NUMBER_OBJECT_CONVERSION = YES_AGGRESSIVE;
				CLANG_CXX_LANGUAGE_STANDARD = "gnu++20";
				CLANG_ENABLE_MODULES = YES;
				CLANG_ENABLE_OBJC_ARC = YES;
				CLANG_ENABLE_OBJC_WEAK = YES;
				CLANG_WARN_BLOCK_CAPTURE_AUTORELEASING = YES;
				CLANG_WARN_BOOL_CONVERSION = YES;
				CLANG_WARN_COMMA = YES;
				CLANG_WARN_CONSTANT_CONVERSION = YES;
				CLANG_WARN_DEPRECATED_OBJC_IMPLEMENTATIONS = YES;
				CLANG_WARN_DIRECT_OBJC_ISA_USAGE = YES_ERROR;
				CLANG_WARN_DOCUMENTATION_COMMENTS = YES;
				CLANG_WARN_EMPTY_BODY = YES;
				CLANG_WARN_ENUM_CONVERSION = YES;
				CLANG_WARN_INFINITE_RECURSION = YES;
				CLANG_WARN_INT_CONVERSION = YES;
				CLANG_WARN_NON_LITERAL_NULL_CONVERSION = YES;
				CLANG_WARN_OBJC_IMPLICIT_RETAIN_SELF = YES;
				CLANG_WARN_OBJC_LITERAL_CONVERSION = YES;
				CLANG_WARN_OBJC_ROOT_CLASS = YES_ERROR;
				CLANG_WARN_QUOTED_INCLUDE_IN_FRAMEWORK_HEADER = YES;
				CLANG_WARN_RANGE_LOOP_ANALYSIS = YES;
				CLANG_WARN_STRICT_PROTOTYPES = YES;
				CLANG_WARN_SUSPICIOUS_MOVE = YES;
				CLANG_WARN_UNGUARDED_AVAILABILITY = YES_AGGRESSIVE;
				CLANG_WARN_UNREACHABLE_CODE = YES;
				CLANG_WARN__DUPLICATE_METHOD_MATCH = YES;
				COPY_PHASE_STRIP = NO;
				DEBUG_INFORMATION_FORMAT = dwarf;
				DEVELOPMENT_TEAM = ZMD7D6T752;
				ENABLE_STRICT_OBJC_MSGSEND = YES;
				ENABLE_TESTABILITY = YES;
				ENABLE_USER_SCRIPT_SANDBOXING = YES;
				GCC_C_LANGUAGE_STANDARD = gnu17;
				GCC_DYNAMIC_NO_PIC = NO;
				GCC_NO_COMMON_BLOCKS = YES;
				GCC_OPTIMIZATION_LEVEL = 0;
				GCC_PREPROCESSOR_DEFINITIONS = (
					"DEBUG=1",
					"$(inherited)",
				);
				GCC_WARN_64_TO_32_BIT_CONVERSION = YES;
				GCC_WARN_ABOUT_RETURN_TYPE = YES_ERROR;
				GCC_WARN_UNDECLARED_SELECTOR = YES;
				GCC_WARN_UNINITIALIZED_AUTOS = YES_AGGRESSIVE;
				GCC_WARN_UNUSED_FUNCTION = YES;
				GCC_WARN_UNUSED_VARIABLE = YES;
				IPHONEOS_DEPLOYMENT_TARGET = 26.2;
				LOCALIZATION_PREFERS_STRING_CATALOGS = YES;
				MTL_ENABLE_DEBUG_INFO = INCLUDE_SOURCE;
				MTL_FAST_MATH = YES;
				ONLY_ACTIVE_ARCH = YES;
				SDKROOT = iphoneos;
				SWIFT_ACTIVE_COMPILATION_CONDITIONS = "DEBUG $(inherited)";
				SWIFT_OPTIMIZATION_LEVEL = "-Onone";
			};
			name = Debug;
		};
		0B54B7BD2F8A87F400F3ADD2 /* Release */ = {
			isa = XCBuildConfiguration;
			baseConfigurationReference = 0B3AF9DF2FA154E800BFA6BC /* Keys.xcconfig */;
			buildSettings = {
				ALWAYS_SEARCH_USER_PATHS = NO;
				ASSETCATALOG_COMPILER_GENERATE_SWIFT_ASSET_SYMBOL_EXTENSIONS = YES;
				CLANG_ANALYZER_NONNULL = YES;
				CLANG_ANALYZER_NUMBER_OBJECT_CONVERSION = YES_AGGRESSIVE;
				CLANG_CXX_LANGUAGE_STANDARD = "gnu++20";
				CLANG_ENABLE_MODULES = YES;
				CLANG_ENABLE_OBJC_ARC = YES;
				CLANG_ENABLE_OBJC_WEAK = YES;
				CLANG_WARN_BLOCK_CAPTURE_AUTORELEASING = YES;
				CLANG_WARN_BOOL_CONVERSION = YES;
				CLANG_WARN_COMMA = YES;
				CLANG_WARN_CONSTANT_CONVERSION = YES;
				CLANG_WARN_DEPRECATED_OBJC_IMPLEMENTATIONS = YES;
				CLANG_WARN_DIRECT_OBJC_ISA_USAGE = YES_ERROR;
				CLANG_WARN_DOCUMENTATION_COMMENTS = YES;
				CLANG_WARN_EMPTY_BODY = YES;
				CLANG_WARN_ENUM_CONVERSION = YES;
				CLANG_WARN_INFINITE_RECURSION = YES;
				CLANG_WARN_INT_CONVERSION = YES;
				CLANG_WARN_NON_LITERAL_NULL_CONVERSION = YES;
				CLANG_WARN_OBJC_IMPLICIT_RETAIN_SELF = YES;
				CLANG_WARN_OBJC_LITERAL_CONVERSION = YES;
				CLANG_WARN_OBJC_ROOT_CLASS = YES_ERROR;
				CLANG_WARN_QUOTED_INCLUDE_IN_FRAMEWORK_HEADER = YES;
				CLANG_WARN_RANGE_LOOP_ANALYSIS = YES;
				CLANG_WARN_STRICT_PROTOTYPES = YES;
				CLANG_WARN_SUSPICIOUS_MOVE = YES;
				CLANG_WARN_UNGUARDED_AVAILABILITY = YES_AGGRESSIVE;
				CLANG_WARN_UNREACHABLE_CODE = YES;
				CLANG_WARN__DUPLICATE_METHOD_MATCH = YES;
				COPY_PHASE_STRIP = NO;
				DEBUG_INFORMATION_FORMAT = "dwarf-with-dsym";
				DEVELOPMENT_TEAM = ZMD7D6T752;
				ENABLE_NS_ASSERTIONS = NO;
				ENABLE_STRICT_OBJC_MSGSEND = YES;
				ENABLE_USER_SCRIPT_SANDBOXING = YES;
				GCC_C_LANGUAGE_STANDARD = gnu17;
				GCC_NO_COMMON_BLOCKS = YES;
				GCC_WARN_64_TO_32_BIT_CONVERSION = YES;
				GCC_WARN_ABOUT_RETURN_TYPE = YES_ERROR;
				GCC_WARN_UNDECLARED_SELECTOR = YES;
				GCC_WARN_UNINITIALIZED_AUTOS = YES_AGGRESSIVE;
				GCC_WARN_UNUSED_FUNCTION = YES;
				GCC_WARN_UNUSED_VARIABLE = YES;
				IPHONEOS_DEPLOYMENT_TARGET = 26.2;
				LOCALIZATION_PREFERS_STRING_CATALOGS = YES;
				MTL_ENABLE_DEBUG_INFO = NO;
				MTL_FAST_MATH = YES;
				SDKROOT = iphoneos;
				SWIFT_COMPILATION_MODE = wholemodule;
				VALIDATE_PRODUCT = YES;
			};
			name = Release;
		};
		0B54B7BF2F8A87F400F3ADD2 /* Debug */ = {
			isa = XCBuildConfiguration;
			baseConfigurationReference = 0B3AF9DF2FA154E800BFA6BC /* Keys.xcconfig */;
			buildSettings = {
				ASSETCATALOG_COMPILER_APPICON_NAME = AppIcon;
				ASSETCATALOG_COMPILER_GLOBAL_ACCENT_COLOR_NAME = AccentColor;
				CODE_SIGN_ENTITLEMENTS = Aura/Aura.entitlements;
				CODE_SIGN_STYLE = Automatic;
				CURRENT_PROJECT_VERSION = 1;
				DEVELOPMENT_TEAM = ZMD7D6T752;
				ENABLE_PREVIEWS = YES;
				GENERATE_INFOPLIST_FILE = YES;
				INFOPLIST_FILE = Aura/Info.plist;
				INFOPLIST_KEY_UIApplicationSceneManifest_Generation = YES;
				INFOPLIST_KEY_UIApplicationSupportsIndirectInputEvents = YES;
				INFOPLIST_KEY_UILaunchScreen_Generation = YES;
				INFOPLIST_KEY_UISupportedInterfaceOrientations_iPad = "UIInterfaceOrientationPortrait UIInterfaceOrientationPortraitUpsideDown UIInterfaceOrientationLandscapeLeft UIInterfaceOrientationLandscapeRight";
				INFOPLIST_KEY_UISupportedInterfaceOrientations_iPhone = "UIInterfaceOrientationPortrait UIInterfaceOrientationLandscapeLeft UIInterfaceOrientationLandscapeRight";
				IPHONEOS_DEPLOYMENT_TARGET = 18.6;
				LD_RUNPATH_SEARCH_PATHS = (
					"$(inherited)",
					"@executable_path/Frameworks",
				);
				MARKETING_VERSION = 1.0;
				PRODUCT_BUNDLE_IDENTIFIER = com.eylulnc.Aura;
				PRODUCT_NAME = "$(TARGET_NAME)";
				STRING_CATALOG_GENERATE_SYMBOLS = YES;
				SUPPORTED_PLATFORMS = "iphoneos iphonesimulator";
				SUPPORTS_MACCATALYST = NO;
				SUPPORTS_MAC_DESIGNED_FOR_IPHONE_IPAD = NO;
				SUPPORTS_XR_DESIGNED_FOR_IPHONE_IPAD = NO;
				SWIFT_APPROACHABLE_CONCURRENCY = YES;
				SWIFT_DEFAULT_ACTOR_ISOLATION = MainActor;
				SWIFT_EMIT_LOC_STRINGS = YES;
				SWIFT_UPCOMING_FEATURE_MEMBER_IMPORT_VISIBILITY = YES;
				SWIFT_VERSION = 5.0;
				TARGETED_DEVICE_FAMILY = 1;
			};
			name = Debug;
		};
		0B54B7C02F8A87F400F3ADD2 /* Release */ = {
			isa = XCBuildConfiguration;
			baseConfigurationReference = 0B3AF9DF2FA154E800BFA6BC /* Keys.xcconfig */;
			buildSettings = {
				ASSETCATALOG_COMPILER_APPICON_NAME = AppIcon;
				ASSETCATALOG_COMPILER_GLOBAL_ACCENT_COLOR_NAME = AccentColor;
				CODE_SIGN_ENTITLEMENTS = Aura/Aura.entitlements;
				CODE_SIGN_STYLE = Automatic;
				CURRENT_PROJECT_VERSION = 1;
				DEVELOPMENT_TEAM = ZMD7D6T752;
				ENABLE_PREVIEWS = YES;
				GENERATE_INFOPLIST_FILE = YES;
				INFOPLIST_FILE = Aura/Info.plist;
				INFOPLIST_KEY_UIApplicationSceneManifest_Generation = YES;
				INFOPLIST_KEY_UIApplicationSupportsIndirectInputEvents = YES;
				INFOPLIST_KEY_UILaunchScreen_Generation = YES;
				INFOPLIST_KEY_UISupportedInterfaceOrientations_iPad = "UIInterfaceOrientationPortrait UIInterfaceOrientationPortraitUpsideDown UIInterfaceOrientationLandscapeLeft UIInterfaceOrientationLandscapeRight";
				INFOPLIST_KEY_UISupportedInterfaceOrientations_iPhone = "UIInterfaceOrientationPortrait UIInterfaceOrientationLandscapeLeft UIInterfaceOrientationLandscapeRight";
				IPHONEOS_DEPLOYMENT_TARGET = 18.6;
				LD_RUNPATH_SEARCH_PATHS = (
					"$(inherited)",
					"@executable_path/Frameworks",
				);
				MARKETING_VERSION = 1.0;
				PRODUCT_BUNDLE_IDENTIFIER = com.eylulnc.Aura;
				PRODUCT_NAME = "$(TARGET_NAME)";
				STRING_CATALOG_GENERATE_SYMBOLS = YES;
				SUPPORTED_PLATFORMS = "iphoneos iphonesimulator";
				SUPPORTS_MACCATALYST = NO;
				SUPPORTS_MAC_DESIGNED_FOR_IPHONE_IPAD = NO;
				SUPPORTS_XR_DESIGNED_FOR_IPHONE_IPAD = NO;
				SWIFT_APPROACHABLE_CONCURRENCY = YES;
				SWIFT_DEFAULT_ACTOR_ISOLATION = MainActor;
				SWIFT_EMIT_LOC_STRINGS = YES;
				SWIFT_UPCOMING_FEATURE_MEMBER_IMPORT_VISIBILITY = YES;
				SWIFT_VERSION = 5.0;
				TARGETED_DEVICE_FAMILY = 1;
			};
			name = Release;
		};
/* End XCBuildConfiguration section */

/* Begin XCConfigurationList section */
		0B4663AB2FFC52E1002747DC /* Build configuration list for PBXNativeTarget "AuraWidgetExtension" */ = {
			isa = XCConfigurationList;
			buildConfigurations = (
				0B4663AC2FFC52E1002747DC /* Debug */,
				0B4663AD2FFC52E1002747DC /* Release */,
			);
			defaultConfigurationIsVisible = 0;
			defaultConfigurationName = Release;
		};
		0B54B7AE2F8A87F200F3ADD2 /* Build configuration list for PBXProject "Aura" */ = {
			isa = XCConfigurationList;
			buildConfigurations = (
				0B54B7BC2F8A87F400F3ADD2 /* Debug */,
				0B54B7BD2F8A87F400F3ADD2 /* Release */,
			);
			defaultConfigurationIsVisible = 0;
			defaultConfigurationName = Release;
		};
		0B54B7BE2F8A87F400F3ADD2 /* Build configuration list for PBXNativeTarget "Aura" */ = {
			isa = XCConfigurationList;
			buildConfigurations = (
				0B54B7BF2F8A87F400F3ADD2 /* Debug */,
				0B54B7C02F8A87F400F3ADD2 /* Release */,
			);
			defaultConfigurationIsVisible = 0;
			defaultConfigurationName = Release;
		};
/* End XCConfigurationList section */

/* Begin XCRemoteSwiftPackageReference section */
		0B12FBD92F98CC3000351F40 /* XCRemoteSwiftPackageReference "firebase-ios-sdk" */ = {
			isa = XCRemoteSwiftPackageReference;
			repositoryURL = "https://github.com/firebase/firebase-ios-sdk";
			requirement = {
				kind = upToNextMajorVersion;
				minimumVersion = 12.12.1;
			};
		};
		0B3AF9D72FA151AA00BFA6BC /* XCRemoteSwiftPackageReference "GoogleSignIn-iOS" */ = {
			isa = XCRemoteSwiftPackageReference;
			repositoryURL = "https://github.com/google/GoogleSignIn-iOS";
			requirement = {
				kind = upToNextMajorVersion;
				minimumVersion = 9.1.0;
			};
		};
/* End XCRemoteSwiftPackageReference section */

/* Begin XCSwiftPackageProductDependency section */
		0B12FBDA2F98CC3000351F40 /* FirebaseAuth */ = {
			isa = XCSwiftPackageProductDependency;
			package = 0B12FBD92F98CC3000351F40 /* XCRemoteSwiftPackageReference "firebase-ios-sdk" */;
			productName = FirebaseAuth;
		};
		0B12FBDC2F98CC3000351F40 /* FirebaseFirestore */ = {
			isa = XCSwiftPackageProductDependency;
			package = 0B12FBD92F98CC3000351F40 /* XCRemoteSwiftPackageReference "firebase-ios-sdk" */;
			productName = FirebaseFirestore;
		};
		0B3AF9D82FA151AA00BFA6BC /* GoogleSignIn */ = {
			isa = XCSwiftPackageProductDependency;
			package = 0B3AF9D72FA151AA00BFA6BC /* XCRemoteSwiftPackageReference "GoogleSignIn-iOS" */;
			productName = GoogleSignIn;
		};
		0B3AF9DA2FA151AA00BFA6BC /* GoogleSignInSwift */ = {
			isa = XCSwiftPackageProductDependency;
			package = 0B3AF9D72FA151AA00BFA6BC /* XCRemoteSwiftPackageReference "GoogleSignIn-iOS" */;
			productName = GoogleSignInSwift;
		};
/* End XCSwiftPackageProductDependency section */
	};
	rootObject = 0B54B7AB2F8A87F200F3ADD2 /* Project object */;
}
